{
  "name": "arenaless-bundler",
  "version": "1.0.2",
  "lockfileVersion": 3,
  "requires": true,
  "packages": {
    "": {
      "name": "arenaless-bundler",
      "version": "1.0.2",
      "license": "MIT",
      "dependencies": {
        "@rollup/browser": "^4.21.0",
        "@swc/wasm-typescript": "^1.7.18",
        "@types/estree": "^1.0.0",
        "arenaless-bundler": "^1.0.2",
        "estree-walker": "^2.0.2",
        "js-base64": "^3.7.7",
        "json5": "^2.2.3",
        "path-browserify": "^1.0.1",
        "picomatch": "^2.3.1",
        "rolldown": "^0.12.2",
        "smob": "^1.5.0",
        "terser": "^5.31.6",
        "typescript": "^5.5.4"
      },
      "devDependencies": {
        "@types/node": "^22.5.0",
        "@types/path-browserify": "^1.0.3",
        "@types/picomatch": "^3.0.1"
      }
    },
    "node_modules/@emnapi/core": {
      "version": "1.2.0",
      "resolved": "https://registry.npmmirror.com/@emnapi/core/-/core-1.2.0.tgz",
      "integrity": "sha512-E7Vgw78I93we4ZWdYCb4DGAwRROGkMIXk7/y87UmANR+J6qsWusmC3gLt0H+O0KOt5e6O38U8oJamgbudrES/w==",
      "optional": true,
      "dependencies": {
        "@emnapi/wasi-threads": "1.0.1",
        "tslib": "^2.4.0"
      }
    },
    "node_modules/@emnapi/runtime": {
      "version": "1.2.0",
      "resolved": "https://registry.npmmirror.com/@emnapi/runtime/-/runtime-1.2.0.tgz",
      "integrity": "sha512-bV21/9LQmcQeCPEg3BDFtvwL6cwiTMksYNWQQ4KOxCZikEGalWtenoZ0wCiukJINlGCIi2KXx01g4FoH/LxpzQ==",
      "optional": true,
      "dependencies": {
        "tslib": "^2.4.0"
      }
    },
    "node_modules/@emnapi/wasi-threads": {
      "version": "1.0.1",
      "resolved": "https://registry.npmmirror.com/@emnapi/wasi-threads/-/wasi-threads-1.0.1.tgz",
      "integrity": "sha512-iIBu7mwkq4UQGeMEM8bLwNK962nXdhodeScX4slfQnRhEMMzvYivHhutCIk8uojvmASXXPC2WNEjwxFWk72Oqw==",
      "optional": true,
      "dependencies": {
        "tslib": "^2.4.0"
      }
    },
    "node_modules/@jridgewell/gen-mapping": {
      "version": "0.3.5",
      "resolved": "https://registry.npmmirror.com/@jridgewell/gen-mapping/-/gen-mapping-0.3.5.tgz",
      "integrity": "sha512-IzL8ZoEDIBRWEzlCcRhOaCupYyN5gdIK+Q6fbFdPDg6HqX6jpkItn7DFIpW9LQzXG6Df9sA7+OKnq0qlz/GaQg==",
      "dependencies": {
        "@jridgewell/set-array": "^1.2.1",
        "@jridgewell/sourcemap-codec": "^1.4.10",
        "@jridgewell/trace-mapping": "^0.3.24"
      },
      "engines": {
        "node": ">=6.0.0"
      }
    },
    "node_modules/@jridgewell/resolve-uri": {
      "version": "3.1.2",
      "resolved": "https://registry.npmmirror.com/@jridgewell/resolve-uri/-/resolve-uri-3.1.2.tgz",
      "integrity": "sha512-bRISgCIjP20/tbWSPWMEi54QVPRZExkuD9lJL+UIxUKtwVJA8wW1Trb1jMs1RFXo1CBTNZ/5hpC9QvmKWdopKw==",
      "engines": {
        "node": ">=6.0.0"
      }
    },
    "node_modules/@jridgewell/set-array": {
      "version": "1.2.1",
      "resolved": "https://registry.npmmirror.com/@jridgewell/set-array/-/set-array-1.2.1.tgz",
      "integrity": "sha512-R8gLRTZeyp03ymzP/6Lil/28tGeGEzhx1q2k703KGWRAI1VdvPIXdG70VJc2pAMw3NA6JKL5hhFu1sJX0Mnn/A==",
      "engines": {
        "node": ">=6.0.0"
      }
    },
    "node_modules/@jridgewell/source-map": {
      "version": "0.3.6",
      "resolved": "https://registry.npmmirror.com/@jridgewell/source-map/-/source-map-0.3.6.tgz",
      "integrity": "sha512-1ZJTZebgqllO79ue2bm3rIGud/bOe0pP5BjSRCRxxYkEZS8STV7zN84UBbiYu7jy+eCKSnVIUgoWWE/tt+shMQ==",
      "dependencies": {
        "@jridgewell/gen-mapping": "^0.3.5",
        "@jridgewell/trace-mapping": "^0.3.25"
      }
    },
    "node_modules/@jridgewell/sourcemap-codec": {
      "version": "1.5.0",
      "resolved": "https://registry.npmmirror.com/@jridgewell/sourcemap-codec/-/sourcemap-codec-1.5.0.tgz",
      "integrity": "sha512-gv3ZRaISU3fjPAgNsriBRqGWQL6quFx04YMPW/zD8XMLsU32mhCCbfbO6KZFLjvYpCZ8zyDEgqsgf+PwPaM7GQ=="
    },
    "node_modules/@jridgewell/trace-mapping": {
      "version": "0.3.25",
      "resolved": "https://registry.npmmirror.com/@jridgewell/trace-mapping/-/trace-mapping-0.3.25.tgz",
      "integrity": "sha512-vNk6aEwybGtawWmy/PzwnGDOjCkLWSD2wqvjGGAgOAwCGWySYXfYoxt00IJkTF+8Lb57DwOb3Aa0o9CApepiYQ==",
      "dependencies": {
        "@jridgewell/resolve-uri": "^3.1.0",
        "@jridgewell/sourcemap-codec": "^1.4.14"
      }
    },
    "node_modules/@napi-rs/wasm-runtime": {
      "version": "0.2.4",
      "resolved": "https://registry.npmmirror.com/@napi-rs/wasm-runtime/-/wasm-runtime-0.2.4.tgz",
      "integrity": "sha512-9zESzOO5aDByvhIAsOy9TbpZ0Ur2AJbUI7UT73kcUTS2mxAMHOBaa1st/jAymNoCtvrit99kkzT1FZuXVcgfIQ==",
      "optional": true,
      "dependencies": {
        "@emnapi/core": "^1.1.0",
        "@emnapi/runtime": "^1.1.0",
        "@tybys/wasm-util": "^0.9.0"
      }
    },
    "node_modules/@rolldown/binding-darwin-arm64": {
      "version": "0.12.2",
      "resolved": "https://registry.npmmirror.com/@rolldown/binding-darwin-arm64/-/binding-darwin-arm64-0.12.2.tgz",
      "integrity": "sha512-Y3Ajye63Z5KymGUwTLaK7Q6YMvycXqNiXtosecgVzjAwMITCmXdzgnWgzzx5UlWHMrDYL4m5zIeXGB5slLwoMA==",
      "cpu": [
        "arm64"
      ],
      "optional": true,
      "os": [
        "darwin"
      ]
    },
    "node_modules/@rolldown/binding-darwin-x64": {
      "version": "0.12.2",
      "resolved": "https://registry.npmmirror.com/@rolldown/binding-darwin-x64/-/binding-darwin-x64-0.12.2.tgz",
      "integrity": "sha512-ZcVuVFEFBXhp00TUNn+EDYs7SGGLQCznvCeuW1XkM8EC2/LfewU/o4WuJK7CBC4iCSktuFGpw7+zLe8D6iinzg==",
      "cpu": [
        "x64"
      ],
      "optional": true,
      "os": [
        "darwin"
      ]
    },
    "node_modules/@rolldown/binding-freebsd-x64": {
      "version": "0.12.2",
      "resolved": "https://registry.npmmirror.com/@rolldown/binding-freebsd-x64/-/binding-freebsd-x64-0.12.2.tgz",
      "integrity": "sha512-4fjuQHpm3q/Ly4fcqb8Qn49OQc2EQR2scUbQaOzXr7mIn9Zy8NfdRrsVG4/wpYvihIlTEtVx+ku0IZwcUzzZGg==",
      "cpu": [
        "x64"
      ],
      "optional": true,
      "os": [
        "freebsd"
      ]
    },
    "node_modules/@rolldown/binding-linux-arm-gnueabihf": {
      "version": "0.12.2",
      "resolved": "https://registry.npmmirror.com/@rolldown/binding-linux-arm-gnueabihf/-/binding-linux-arm-gnueabihf-0.12.2.tgz",
      "integrity": "sha512-MGEDaYLzTQ1kpvt13PzOwnd6O668S1mPM/vgi4O9vCfqJNTXZX8SeAg8Z2dQZbMSUyFDBVKGkz23GRTHqkGIsQ==",
      "cpu": [
        "arm"
      ],
      "optional": true,
      "os": [
        "linux"
      ]
    },
    "node_modules/@rolldown/binding-linux-arm64-gnu": {
      "version": "0.12.2",
      "resolved": "https://registry.npmmirror.com/@rolldown/binding-linux-arm64-gnu/-/binding-linux-arm64-gnu-0.12.2.tgz",
      "integrity": "sha512-8uiaMe39twyIAw0do1Gc3O2SpQmyL1A/BucFncEB8eU5jtb3BWIM/X+F+eKDU6c+XZ+S1T025dhR1cGg8y20Xw==",
      "cpu": [
        "arm64"
      ],
      "optional": true,
      "os": [
        "linux"
      ]
    },
    "node_modules/@rolldown/binding-linux-arm64-musl": {
      "version": "0.12.2",
      "resolved": "https://registry.npmmirror.com/@rolldown/binding-linux-arm64-musl/-/binding-linux-arm64-musl-0.12.2.tgz",
      "integrity": "sha512-GOFSKaMJueaSSODcqI+0Hu79buHYtGV7h2tydIDkSDD20mQuvwOF7jIVd27yNdlXWS9wLObwEu3BNgHmIj1M6A==",
      "cpu": [
        "arm64"
      ],
      "optional": true,
      "os": [
        "linux"
      ]
    },
    "node_modules/@rolldown/binding-linux-x64-gnu": {
      "version": "0.12.2",
      "resolved": "https://registry.npmmirror.com/@rolldown/binding-linux-x64-gnu/-/binding-linux-x64-gnu-0.12.2.tgz",
      "integrity": "sha512-+hlRURUSiVP0+PFtjoTxUsiy/2NQpbf3DyUyMyl8Nv5+1BxjB6452VY1iFI+RzG4iLNJslcVcI6d6lJQ5zZYfw==",
      "cpu": [
        "x64"
      ],
      "optional": true,
      "os": [
        "linux"
      ]
    },
    "node_modules/@rolldown/binding-linux-x64-musl": {
      "version": "0.12.2",
      "resolved": "https://registry.npmmirror.com/@rolldown/binding-linux-x64-musl/-/binding-linux-x64-musl-0.12.2.tgz",
      "integrity": "sha512-9WKIaQSZZ0i9F5msW4I5kEj6ov+TZLteuTqCzI7nYWDBDm7m/hYkOkdIBf41GC8iKFsgVIQO0kRVAT966U8RxQ==",
      "cpu": [
        "x64"
      ],
      "optional": true,
      "os": [
        "linux"
      ]
    },
    "node_modules/@rolldown/binding-wasm32-wasi": {
      "version": "0.12.2",
      "resolved": "https://registry.npmmirror.com/@rolldown/binding-wasm32-wasi/-/binding-wasm32-wasi-0.12.2.tgz",
      "integrity": "sha512-KY7bNrR3Jk6O0ne8LAaAnq9yI6xuKwhr/L2d1lBwrraCCyLHk0UEv4g6PfJkyUx6GfN0gVYuSxFgo9OggycldA==",
      "cpu": [
        "wasm32"
      ],
      "optional": true,
      "dependencies": {
        "@napi-rs/wasm-runtime": "^0.2.4"
      },
      "engines": {
        "node": ">=14.21.3"
      }
    },
    "node_modules/@rolldown/binding-win32-arm64-msvc": {
      "version": "0.12.2",
      "resolved": "https://registry.npmmirror.com/@rolldown/binding-win32-arm64-msvc/-/binding-win32-arm64-msvc-0.12.2.tgz",
      "integrity": "sha512-XYBXifPk5iNcPUTyV/yB4tlj5nI+fYoe/8CLHjyUG8GS0l8rCD+jKaAv3Jvz2T2erlkjEPqJXmzhUfBscOUo6g==",
      "cpu": [
        "arm64"
      ],
      "optional": true,
      "os": [
        "win32"
      ]
    },
    "node_modules/@rolldown/binding-win32-ia32-msvc": {
      "version": "0.12.2",
      "resolved": "https://registry.npmmirror.com/@rolldown/binding-win32-ia32-msvc/-/binding-win32-ia32-msvc-0.12.2.tgz",
      "integrity": "sha512-SV9LqvEc0d4gCLbkezH+UJ2uj2pTw3mwSKhFJEm6ir1lb05W6y9++m67NRs17fhudkFAz8iKlyPxKtZBKzAKOw==",
      "cpu": [
        "ia32"
      ],
      "optional": true,
      "os": [
        "win32"
      ]
    },
    "node_modules/@rolldown/binding-win32-x64-msvc": {
      "version": "0.12.2",
      "resolved": "https://registry.npmmirror.com/@rolldown/binding-win32-x64-msvc/-/binding-win32-x64-msvc-0.12.2.tgz",
      "integrity": "sha512-XnRqHx182tyk1M12OMXqLajIj9DZrOUEKSPYrQUSaMCmHHAhULYP6ki240CV16PBWZW4Q1pwQ7YVKYFevRtvKg==",
      "cpu": [
        "x64"
      ],
      "optional": true,
      "os": [
        "win32"
      ]
    },
    "node_modules/@rollup/browser": {
      "version": "4.21.0",
      "resolved": "https://registry.npmmirror.com/@rollup/browser/-/browser-4.21.0.tgz",
      "integrity": "sha512-Z7xEy/Wf4wGvp9kLpxL1E1tf7h2w5c4QCARPNIIWGXI0WFRpeAOA0GPTZx1ZhtgkEELcE7IyYB442646ljICKw==",
      "dependencies": {
        "@types/estree": "1.0.5"
      }
    },
    "node_modules/@swc/wasm-typescript": {
      "version": "1.7.18",
      "resolved": "https://registry.npmmirror.com/@swc/wasm-typescript/-/wasm-typescript-1.7.18.tgz",
      "integrity": "sha512-AXgLW1+Ld2H3wiAGBvpqWsiMnYA+PLbueH/HDgB3SEhA5OFogJW/oqam3VlhVjim0ihxXmqg/gepALisIpE86w=="
    },
    "node_modules/@tybys/wasm-util": {
      "version": "0.9.0",
      "resolved": "https://registry.npmmirror.com/@tybys/wasm-util/-/wasm-util-0.9.0.tgz",
      "integrity": "sha512-6+7nlbMVX/PVDCwaIQ8nTOPveOcFLSt8GcXdx8hD0bt39uWxYT88uXzqTd4fTvqta7oeUJqudepapKNt2DYJFw==",
      "optional": true,
      "dependencies": {
        "tslib": "^2.4.0"
      }
    },
    "node_modules/@types/estree": {
      "version": "1.0.5",
      "resolved": "https://registry.npmmirror.com/@types/estree/-/estree-1.0.5.tgz",
      "integrity": "sha512-/kYRxGDLWzHOB7q+wtSUQlFrtcdUccpfy+X+9iMBpHK8QLLhx2wIPYuS5DYtR9Wa/YlZAbIovy7qVdB1Aq6Lyw=="
    },
    "node_modules/@types/node": {
      "version": "22.5.0",
      "resolved": "https://registry.npmmirror.com/@types/node/-/node-22.5.0.tgz",
      "integrity": "sha512-DkFrJOe+rfdHTqqMg0bSNlGlQ85hSoh2TPzZyhHsXnMtligRWpxUySiyw8FY14ITt24HVCiQPWxS3KO/QlGmWg==",
      "dev": true,
      "dependencies": {
        "undici-types": "~6.19.2"
      }
    },
    "node_modules/@types/path-browserify": {
      "version": "1.0.3",
      "resolved": "https://registry.npmmirror.com/@types/path-browserify/-/path-browserify-1.0.3.tgz",
      "integrity": "sha512-ZmHivEbNCBtAfcrFeBCiTjdIc2dey0l7oCGNGpSuRTy8jP6UVND7oUowlvDujBy8r2Hoa8bfFUOCiPWfmtkfxw==",
      "dev": true
    },
    "node_modules/@types/picomatch": {
      "version": "3.0.1",
      "resolved": "https://registry.npmmirror.com/@types/picomatch/-/picomatch-3.0.1.tgz",
      "integrity": "sha512-1MRgzpzY0hOp9pW/kLRxeQhUWwil6gnrUYd3oEpeYBqp/FexhaCPv3F8LsYr47gtUU45fO2cm1dbwkSrHEo8Uw==",
      "dev": true
    },
    "node_modules/acorn": {
      "version": "8.12.1",
      "resolved": "https://registry.npmmirror.com/acorn/-/acorn-8.12.1.tgz",
      "integrity": "sha512-tcpGyI9zbizT9JbV6oYE477V6mTlXvvi0T0G3SNIYE2apm/G5huBa1+K89VGeovbg+jycCrfhl3ADxErOuO6Jg==",
      "bin": {
        "acorn": "bin/acorn"
      },
      "engines": {
        "node": ">=0.4.0"
      }
    },
    "node_modules/arenaless-bundler": {
      "version": "1.0.2",
      "resolved": "https://registry.npmjs.org/arenaless-bundler/-/arenaless-bundler-1.0.2.tgz",
      "integrity": "sha512-R30WEuIu4OJwP5J9PDvMGyN5mK0KaLM66OaSLGoID9pXvpYZ03qfFv4BgUl4JQfaPDTBOP26Q+uUMmx67itLuQ==",
      "dependencies": {
        "@rollup/browser": "^4.21.0",
        "@swc/wasm-typescript": "^1.7.18",
        "@types/estree": "^1.0.0",
        "estree-walker": "^2.0.2",
        "js-base64": "^3.7.7",
        "json5": "^2.2.3",
        "path-browserify": "^1.0.1",
        "picomatch": "^2.3.1",
        "rolldown": "^0.12.2",
        "smob": "^1.5.0",
        "terser": "^5.31.6",
        "typescript": "^5.5.4"
      }
    },
    "node_modules/buffer-from": {
      "version": "1.1.2",
      "resolved": "https://registry.npmmirror.com/buffer-from/-/buffer-from-1.1.2.tgz",
      "integrity": "sha512-E+XQCRwSbaaiChtv6k6Dwgc+bx+Bs6vuKJHHl5kox/BaKbhiXzqQOwK4cO22yElGp2OCmjwVhT3HmxgyPGnJfQ=="
    },
    "node_modules/commander": {
      "version": "2.20.3",
      "resolved": "https://registry.npmmirror.com/commander/-/commander-2.20.3.tgz",
      "integrity": "sha512-GpVkmM8vF2vQUkj2LvZmD35JxeJOLCwJ9cUkugyk2nuhbv3+mJvpLYYt+0+USMxE+oj+ey/lJEnhZw75x/OMcQ=="
    },
    "node_modules/estree-walker": {
      "version": "2.0.2",
      "resolved": "https://registry.npmmirror.com/estree-walker/-/estree-walker-2.0.2.tgz",
      "integrity": "sha512-Rfkk/Mp/DL7JVje3u18FxFujQlTNR2q6QfMSMB7AvCBx91NGj/ba3kCfza0f6dVDbw7YlRf/nDrn7pQrCCyQ/w=="
    },
    "node_modules/js-base64": {
      "version": "3.7.7",
      "resolved": "https://registry.npmmirror.com/js-base64/-/js-base64-3.7.7.tgz",
      "integrity": "sha512-7rCnleh0z2CkXhH67J8K1Ytz0b2Y+yxTPL+/KOJoa20hfnVQ/3/T6W/KflYI4bRHRagNeXeU2bkNGI3v1oS/lw=="
    },
    "node_modules/json5": {
      "version": "2.2.3",
      "resolved": "https://registry.npmmirror.com/json5/-/json5-2.2.3.tgz",
      "integrity": "sha512-XmOWe7eyHYH14cLdVPoyg+GOH3rYX++KpzrylJwSW98t3Nk+U8XOl8FWKOgwtzdb8lXGf6zYwDUzeHMWfxasyg==",
      "bin": {
        "json5": "lib/cli.js"
      },
      "engines": {
        "node": ">=6"
      }
    },
    "node_modules/path-browserify": {
      "version": "1.0.1",
      "resolved": "https://registry.npmmirror.com/path-browserify/-/path-browserify-1.0.1.tgz",
      "integrity": "sha512-b7uo2UCUOYZcnF/3ID0lulOJi/bafxa1xPe7ZPsammBSpjSWQkjNxlt635YGS2MiR9GjvuXCtz2emr3jbsz98g=="
    },
    "node_modules/picomatch": {
      "version": "2.3.1",
      "resolved": "https://registry.npmmirror.com/picomatch/-/picomatch-2.3.1.tgz",
      "integrity": "sha512-JU3teHTNjmE2VCGFzuY8EXzCDVwEqB2a8fsIvwaStHhAWJEeVd1o1QD80CU6+ZdEXXSLbSsuLwJjkCBWqRQUVA==",
      "engines": {
        "node": ">=8.6"
      },
      "funding": {
        "url": "https://github.com/sponsors/jonschlinkert"
      }
    },
    "node_modules/rolldown": {
      "version": "0.12.2",
      "resolved": "https://registry.npmmirror.com/rolldown/-/rolldown-0.12.2.tgz",
      "integrity": "sha512-YJYKiYt2O9XytiQ3Na4Kk29avfIXhvK7udB3wAaVaF4kiSsFKE1167tElO/0eD6tjfJXCvwNxwsyYkBJRtsLmQ==",
      "dependencies": {
        "zod": "^3.23.8"
      },
      "bin": {
        "rolldown": "bin/cli.js"
      },
      "optionalDependencies": {
        "@rolldown/binding-darwin-arm64": "0.12.2",
        "@rolldown/binding-darwin-x64": "0.12.2",
        "@rolldown/binding-freebsd-x64": "0.12.2",
        "@rolldown/binding-linux-arm-gnueabihf": "0.12.2",
        "@rolldown/binding-linux-arm64-gnu": "0.12.2",
        "@rolldown/binding-linux-arm64-musl": "0.12.2",
        "@rolldown/binding-linux-x64-gnu": "0.12.2",
        "@rolldown/binding-linux-x64-musl": "0.12.2",
        "@rolldown/binding-wasm32-wasi": "0.12.2",
        "@rolldown/binding-win32-arm64-msvc": "0.12.2",
        "@rolldown/binding-win32-ia32-msvc": "0.12.2",
        "@rolldown/binding-win32-x64-msvc": "0.12.2"
      }
    },
    "node_modules/smob": {
      "version": "1.5.0",
      "resolved": "https://registry.npmmirror.com/smob/-/smob-1.5.0.tgz",
      "integrity": "sha512-g6T+p7QO8npa+/hNx9ohv1E5pVCmWrVCUzUXJyLdMmftX6ER0oiWY/w9knEonLpnOp6b6FenKnMfR8gqwWdwig=="
    },
    "node_modules/source-map": {
      "version": "0.6.1",
      "resolved": "https://registry.npmmirror.com/source-map/-/source-map-0.6.1.tgz",
      "integrity": "sha512-UjgapumWlbMhkBgzT7Ykc5YXUT46F0iKu8SGXq0bcwP5dz/h0Plj6enJqjz1Zbq2l5WaqYnrVbwWOWMyF3F47g==",
      "engines": {
        "node": ">=0.10.0"
      }
    },
    "node_modules/source-map-support": {
      "version": "0.5.21",
      "resolved": "https://registry.npmmirror.com/source-map-support/-/source-map-support-0.5.21.tgz",
      "integrity": "sha512-uBHU3L3czsIyYXKX88fdrGovxdSCoTGDRZ6SYXtSRxLZUzHg5P/66Ht6uoUlHu9EZod+inXhKo3qQgwXUT/y1w==",
      "dependencies": {
        "buffer-from": "^1.0.0",
        "source-map": "^0.6.0"
      }
    },
    "node_modules/terser": {
      "version": "5.31.6",
      "resolved": "https://registry.npmmirror.com/terser/-/terser-5.31.6.tgz",
      "integrity": "sha512-PQ4DAriWzKj+qgehQ7LK5bQqCFNMmlhjR2PFFLuqGCpuCAauxemVBWwWOxo3UIwWQx8+Pr61Df++r76wDmkQBg==",
      "dependencies": {
        "@jridgewell/source-map": "^0.3.3",
        "acorn": "^8.8.2",
        "commander": "^2.20.0",
        "source-map-support": "~0.5.20"
      },
      "bin": {
        "terser": "bin/terser"
      },
      "engines": {
        "node": ">=10"
      }
    },
    "node_modules/tslib": {
      "version": "2.7.0",
      "resolved": "https://registry.npmmirror.com/tslib/-/tslib-2.7.0.tgz",
      "integrity": "sha512-gLXCKdN1/j47AiHiOkJN69hJmcbGTHI0ImLmbYLHykhgeN0jVGola9yVjFgzCUklsZQMW55o+dW7IXv3RCXDzA==",
      "optional": true
    },
    "node_modules/typescript": {
      "version": "5.5.4",
      "resolved": "https://registry.npmmirror.com/typescript/-/typescript-5.5.4.tgz",
      "integrity": "sha512-Mtq29sKDAEYP7aljRgtPOpTvOfbwRWlS6dPRzwjdE+C0R4brX/GUyhHSecbHMFLNBLcJIPt9nl9yG5TZ1weH+Q==",
      "bin": {
        "tsc": "bin/tsc",
        "tsserver": "bin/tsserver"
      },
      "engines": {
        "node": ">=14.17"
      }
    },
    "node_modules/undici-types": {
      "version": "6.19.8",
      "resolved": "https://registry.npmmirror.com/undici-types/-/undici-types-6.19.8.tgz",
      "integrity": "sha512-ve2KP6f/JnbPBFyobGHuerC9g1FYGn/F8n1LWTwNxCEzd6IfqTwUQcNXgEtmmQ6DlRrC1hrSrBnCZPokRrDHjw==",
      "dev": true
    },
    "node_modules/zod": {
      "version": "3.23.8",
      "resolved": "https://registry.npmmirror.com/zod/-/zod-3.23.8.tgz",
      "integrity": "sha512-XBx9AXhXktjUqnepgTiE5flcKIYWi/rme0Eaj+5Y0lftuGBq+jyRu/md4WnuxqgP1ubdpNCsYEYPxrzVHD8d6g==",
      "funding": {
        "url": "https://github.com/sponsors/colinhacks"
      }
    }
  }
}
